
Microsoft Visual Studio Solution File, Format Version 12.00
# Visual Studio Version 17
VisualStudioVersion = 17.9.34607.119
MinimumVisualStudioVersion = 10.0.40219.1
Project("{FAE04EC0-301F-11D3-BF4B-00C04F79EFBC}") = "Portfolio102", "Portfolio102\Portfolio102.csproj", "{15A9BCD8-6270-4EE9-889D-8ED325409959}"
EndProject
Global
	GlobalSection(SolutionConfigurationPlatforms) = preSolution
		Debug|Any CPU = Debug|Any CPU
		Release|Any CPU = Release|Any CPU
	EndGlobalSection
	GlobalSection(ProjectConfigurationPlatforms) = postSolution
		{15A9BCD8-6270-4EE9-889D-8ED325409959}.Debug|Any CPU.ActiveCfg = Debug|Any CPU
		{15A9BCD8-6270-4EE9-889D-8ED325409959}.Debug|Any CPU.Build.0 = Debug|Any CPU
		{15A9BCD8-6270-4EE9-889D-8ED325409959}.Release|Any CPU.ActiveCfg = Release|Any CPU
		{15A9BCD8-6270-4EE9-889D-8ED325409959}.Release|Any CPU.Build.0 = Release|Any CPU
	EndGlobalSection
	GlobalSection(SolutionProperties) = preSolution
		HideSolutionNode = FALSE
	EndGlobalSection
	GlobalSection(ExtensibilityGlobals) = postSolution
		SolutionGuid = {C485099B-5EEF-408F-AD08-EA836CBD1904}
	EndGlobalSection
EndGlobal
